# This file was autogenerated by Stack.
# You should not edit this file by hand.
# For more information, please see the documentation at:
#   https://docs.haskellstack.org/en/stable/lock_files

packages:
- completed:
    hackage: postgresql-typed-0.6.1.2@sha256:76c25937cfd7fec11030a4a8212de520d681c7e3478a7a4cb8e281d1b71803b3,5015
    pantry-tree:
      size: 2088
      sha256: dafb014d5cbb6b81f1a12da3e86b3378b4783bdd634b026dbec03b6c191dab4a
  original:
    hackage: postgresql-typed-0.6.1.2
snapshots:
- completed:
    size: 532172
    url: https://raw.githubusercontent.com/commercialhaskell/stackage-snapshots/master/lts/16/18.yaml
    sha256: 4f2a092c6f4869854e8d7435ab98ce5157c641022c3cbfc4c4614ff3db752e62
  original: lts-16.18
